Microsoft Visual Studio Solution File, Format Version 12.00
# Visual Studio Version 17
VisualStudioVersion = 17.5.2.0
MinimumVisualStudioVersion = 10.0.40219.1
Project("{2150E333-8FDC-42A3-9474-1A3956D46DE8}") = "apps", "apps", "{1787FE1D-075E-9E68-7218-25F1BD1BBEAB}"
EndProject
Project("{2150E333-8FDC-42A3-9474-1A3956D46DE8}") = "libs", "libs", "{6C4D298B-81FB-2B6B-5AB6-46205EDDC72C}"
EndProject
Project("{FAE04EC0-301F-11D3-BF4B-00C04F79EFBC}") = "MemoryMachine.Console", "apps\console\MemoryMachine.Console.csproj", "{77B46EAF-1AA6-D415-183C-C03F2D2F7885}"
EndProject
Project("{2150E333-8FDC-42A3-9474-1A3956D46DE8}") = "core", "core", "{924203EF-D9E9-CAE6-1712-D2D80B822A11}"
EndProject
Project("{FAE04EC0-301F-11D3-BF4B-00C04F79EFBC}") = "MemoryMachine.Tests", "libs\core\core-tests\MemoryMachine.Tests.csproj", "{8EA5D1F4-74E0-4A6C-D937-433F4E9BEFBB}"
EndProject
Project("{FAE04EC0-301F-11D3-BF4B-00C04F79EFBC}") = "MemoryMachine.Core", "libs\core\core\MemoryMachine.Core.csproj", "{A81E5919-F9D3-C43B-0080-FF0F3B007C9A}"
EndProject
Global
	GlobalSection(SolutionConfigurationPlatforms) = preSolution
		Debug|Any CPU = Debug|Any CPU
		Release|Any CPU = Release|Any CPU
	EndGlobalSection
	GlobalSection(ProjectConfigurationPlatforms) = postSolution
		{77B46EAF-1AA6-D415-183C-C03F2D2F7885}.Debug|Any CPU.ActiveCfg = Debug|Any CPU
		{77B46EAF-1AA6-D415-183C-C03F2D2F7885}.Debug|Any CPU.Build.0 = Debug|Any CPU
		{77B46EAF-1AA6-D415-183C-C03F2D2F7885}.Release|Any CPU.ActiveCfg = Release|Any CPU
		{77B46EAF-1AA6-D415-183C-C03F2D2F7885}.Release|Any CPU.Build.0 = Release|Any CPU
		{8EA5D1F4-74E0-4A6C-D937-433F4E9BEFBB}.Debug|Any CPU.ActiveCfg = Debug|Any CPU
		{8EA5D1F4-74E0-4A6C-D937-433F4E9BEFBB}.Debug|Any CPU.Build.0 = Debug|Any CPU
		{8EA5D1F4-74E0-4A6C-D937-433F4E9BEFBB}.Release|Any CPU.ActiveCfg = Release|Any CPU
		{8EA5D1F4-74E0-4A6C-D937-433F4E9BEFBB}.Release|Any CPU.Build.0 = Release|Any CPU
		{A81E5919-F9D3-C43B-0080-FF0F3B007C9A}.Debug|Any CPU.ActiveCfg = Debug|Any CPU
		{A81E5919-F9D3-C43B-0080-FF0F3B007C9A}.Debug|Any CPU.Build.0 = Debug|Any CPU
		{A81E5919-F9D3-C43B-0080-FF0F3B007C9A}.Release|Any CPU.ActiveCfg = Release|Any CPU
		{A81E5919-F9D3-C43B-0080-FF0F3B007C9A}.Release|Any CPU.Build.0 = Release|Any CPU
	EndGlobalSection
	GlobalSection(SolutionProperties) = preSolution
		HideSolutionNode = FALSE
	EndGlobalSection
	GlobalSection(NestedProjects) = preSolution
		{77B46EAF-1AA6-D415-183C-C03F2D2F7885} = {1787FE1D-075E-9E68-7218-25F1BD1BBEAB}
		{924203EF-D9E9-CAE6-1712-D2D80B822A11} = {6C4D298B-81FB-2B6B-5AB6-46205EDDC72C}
		{8EA5D1F4-74E0-4A6C-D937-433F4E9BEFBB} = {924203EF-D9E9-CAE6-1712-D2D80B822A11}
		{A81E5919-F9D3-C43B-0080-FF0F3B007C9A} = {924203EF-D9E9-CAE6-1712-D2D80B822A11}
	EndGlobalSection
	GlobalSection(ExtensibilityGlobals) = postSolution
		SolutionGuid = {10B4A629-E7F9-43FA-84D2-882CC8A86E0B}
	EndGlobalSection
EndGlobal
